// !$*UTF8*$!
{
	archiveVersion = 1;
	classes = {
	};
	objectVersion = 52;
	objects = {

/* Begin PBXBuildFile section */
		811759FB2440B7E8007F349B /* AppDelegate.swift in Sources */ = {isa = PBXBuildFile; fileRef = 811759FA2440B7E8007F349B /* AppDelegate.swift */; };
		811759FD2440B7E8007F349B /* SceneDelegate.swift in Sources */ = {isa = PBXBuildFile; fileRef = 811759FC2440B7E8007F349B /* SceneDelegate.swift */; };
		811759FF2440B7E8007F349B /* ContentView.swift in Sources */ = {isa = PBXBuildFile; fileRef = 811759FE2440B7E8007F349B /* ContentView.swift */; };
		81175A012440B7E9007F349B /* Assets.xcassets in Resources */ = {isa = PBXBuildFile; fileRef = 81175A002440B7E9007F349B /* Assets.xcassets */; };
		81175A042440B7E9007F349B /* Preview Assets.xcassets in Resources */ = {isa = PBXBuildFile; fileRef = 81175A032440B7E9007F349B /* Preview Assets.xcassets */; };
		81175A072440B7E9007F349B /* LaunchScreen.storyboard in Resources */ = {isa = PBXBuildFile; fileRef = 81175A052440B7E9007F349B /* LaunchScreen.storyboard */; };
		81175A102440BD5B007F349B /* GenerateQR.swift in Sources */ = {isa = PBXBuildFile; fileRef = 81175A0F2440BD5B007F349B /* GenerateQR.swift */; };
		81175A122440BFD2007F349B /* EnvironmentV.swift in Sources */ = {isa = PBXBuildFile; fileRef = 81175A112440BFD2007F349B /* EnvironmentV.swift */; };
		81175A152440C33C007F349B /* QRModel.xcdatamodeld in Sources */ = {isa = PBXBuildFile; fileRef = 81175A132440C33C007F349B /* QRModel.xcdatamodeld */; };
		81175A182440D2E8007F349B /* Modifiers.swift in Sources */ = {isa = PBXBuildFile; fileRef = 81175A172440D2E8007F349B /* Modifiers.swift */; };
		81175A1B2440D962007F349B /* CodeScanner in Frameworks */ = {isa = PBXBuildFile; productRef = 81175A1A2440D962007F349B /* CodeScanner */; };
		81175A1D24411EA2007F349B /* Constant.swift in Sources */ = {isa = PBXBuildFile; fileRef = 81175A1C24411EA2007F349B /* Constant.swift */; };
		81A2C3322442F92E008307B6 /* Model.swift in Sources */ = {isa = PBXBuildFile; fileRef = 81A2C3312442F92E008307B6 /* Model.swift */; };
		81A2C3372442FC55008307B6 /* QueueEntity+CoreDataClass.swift in Sources */ = {isa = PBXBuildFile; fileRef = 81A2C3332442FC55008307B6 /* QueueEntity+CoreDataClass.swift */; };
		81A2C3382442FC55008307B6 /* QueueEntity+CoreDataProperties.swift in Sources */ = {isa = PBXBuildFile; fileRef = 81A2C3342442FC55008307B6 /* QueueEntity+CoreDataProperties.swift */; };
		81A2C3392442FC55008307B6 /* ClientEntity+CoreDataClass.swift in Sources */ = {isa = PBXBuildFile; fileRef = 81A2C3352442FC55008307B6 /* ClientEntity+CoreDataClass.swift */; };
		81A2C33A2442FC55008307B6 /* ClientEntity+CoreDataProperties.swift in Sources */ = {isa = PBXBuildFile; fileRef = 81A2C3362442FC55008307B6 /* ClientEntity+CoreDataProperties.swift */; };
		81A2C33D2442FE81008307B6 /* ClientsManager.swift in Sources */ = {isa = PBXBuildFile; fileRef = 81A2C33C2442FE81008307B6 /* ClientsManager.swift */; };
		81A2C33F2443B3D3008307B6 /* QueueManager.swift in Sources */ = {isa = PBXBuildFile; fileRef = 81A2C33E2443B3D3008307B6 /* QueueManager.swift */; };
		81A2C3412443D65E008307B6 /* RegisterQueueView.swift in Sources */ = {isa = PBXBuildFile; fileRef = 81A2C3402443D65E008307B6 /* RegisterQueueView.swift */; };
		81A2C3452443E6ED008307B6 /* QueueViewCell.swift in Sources */ = {isa = PBXBuildFile; fileRef = 81A2C3442443E6ED008307B6 /* QueueViewCell.swift */; };
		81A2C34724440EB1008307B6 /* QueueView.swift in Sources */ = {isa = PBXBuildFile; fileRef = 81A2C34624440EB1008307B6 /* QueueView.swift */; };
		81A2C34A24443104008307B6 /* DirectQView.swift in Sources */ = {isa = PBXBuildFile; fileRef = 81A2C34924443104008307B6 /* DirectQView.swift */; };
		81A2C34C2444498C008307B6 /* ScannerView.swift in Sources */ = {isa = PBXBuildFile; fileRef = 81A2C34B2444498C008307B6 /* ScannerView.swift */; };
		81D83BF42441346A00816A7D /* ScannerFuncs.swift in Sources */ = {isa = PBXBuildFile; fileRef = 81D83BF32441346A00816A7D /* ScannerFuncs.swift */; };
		81D83BF8244144F100816A7D /* PartialSheet in Frameworks */ = {isa = PBXBuildFile; productRef = 81D83BF7244144F100816A7D /* PartialSheet */; };
		81D83BFA244167F000816A7D /* NewInfo.swift in Sources */ = {isa = PBXBuildFile; fileRef = 81D83BF9244167F000816A7D /* NewInfo.swift */; };
/* End PBXBuildFile section */

/* Begin PBXFileReference section */
		811759F72440B7E8007F349B /* QualityReaderQR.app */ = {isa = PBXFileReference; explicitFileType = wrapper.application; includeInIndex = 0; path = QualityReaderQR.app; sourceTree = BUILT_PRODUCTS_DIR; };
		811759FA2440B7E8007F349B /* AppDelegate.swift */ = {isa = PBXFileReference; lastKnownFileType = sourcecode.swift; path = AppDelegate.swift; sourceTree = "<group>"; };
		811759FC2440B7E8007F349B /* SceneDelegate.swift */ = {isa = PBXFileReference; lastKnownFileType = sourcecode.swift; path = SceneDelegate.swift; sourceTree = "<group>"; };
		811759FE2440B7E8007F349B /* ContentView.swift */ = {isa = PBXFileReference; lastKnownFileType = sourcecode.swift; path = ContentView.swift; sourceTree = "<group>"; };
		81175A002440B7E9007F349B /* Assets.xcassets */ = {isa = PBXFileReference; lastKnownFileType = folder.assetcatalog; path = Assets.xcassets; sourceTree = "<group>"; };
		81175A032440B7E9007F349B /* Preview Assets.xcassets */ = {isa = PBXFileReference; lastKnownFileType = folder.assetcatalog; path = "Preview Assets.xcassets"; sourceTree = "<group>"; };
		81175A062440B7E9007F349B /* Base */ = {isa = PBXFileReference; lastKnownFileType = file.storyboard; name = Base; path = Base.lproj/LaunchScreen.storyboard; sourceTree = "<group>"; };
		81175A082440B7E9007F349B /* Info.plist */ = {isa = PBXFileReference; lastKnownFileType = text.plist.xml; path = Info.plist; sourceTree = "<group>"; };
		81175A0F2440BD5B007F349B /* GenerateQR.swift */ = {isa = PBXFileReference; lastKnownFileType = sourcecode.swift; path = GenerateQR.swift; sourceTree = "<group>"; };
		81175A112440BFD2007F349B /* EnvironmentV.swift */ = {isa = PBXFileReference; lastKnownFileType = sourcecode.swift; path = EnvironmentV.swift; sourceTree = "<group>"; };
		81175A142440C33C007F349B /* QRModel.xcdatamodel */ = {isa = PBXFileReference; lastKnownFileType = wrapper.xcdatamodel; path = QRModel.xcdatamodel; sourceTree = "<group>"; };
		81175A172440D2E8007F349B /* Modifiers.swift */ = {isa = PBXFileReference; lastKnownFileType = sourcecode.swift; path = Modifiers.swift; sourceTree = "<group>"; };
		81175A1C24411EA2007F349B /* Constant.swift */ = {isa = PBXFileReference; lastKnownFileType = sourcecode.swift; path = Constant.swift; sourceTree = "<group>"; };
		81A2C3312442F92E008307B6 /* Model.swift */ = {isa = PBXFileReference; lastKnownFileType = sourcecode.swift; path = Model.swift; sourceTree = "<group>"; };
		81A2C3332442FC55008307B6 /* QueueEntity+CoreDataClass.swift */ = {isa = PBXFileReference; lastKnownFileType = sourcecode.swift; name = "QueueEntity+CoreDataClass.swift"; path = "QualityReaderQR/CoreDataModel/QueueEntity+CoreDataClass.swift"; sourceTree = "<group>"; };
		81A2C3342442FC55008307B6 /* QueueEntity+CoreDataProperties.swift */ = {isa = PBXFileReference; lastKnownFileType = sourcecode.swift; name = "QueueEntity+CoreDataProperties.swift"; path = "QualityReaderQR/CoreDataModel/QueueEntity+CoreDataProperties.swift"; sourceTree = "<group>"; };
		81A2C3352442FC55008307B6 /* ClientEntity+CoreDataClass.swift */ = {isa = PBXFileReference; lastKnownFileType = sourcecode.swift; name = "ClientEntity+CoreDataClass.swift"; path = "QualityReaderQR/CoreDataModel/ClientEntity+CoreDataClass.swift"; sourceTree = "<group>"; };
		81A2C3362442FC55008307B6 /* ClientEntity+CoreDataProperties.swift */ = {isa = PBXFileReference; lastKnownFileType = sourcecode.swift; name = "ClientEntity+CoreDataProperties.swift"; path = "QualityReaderQR/CoreDataModel/ClientEntity+CoreDataProperties.swift"; sourceTree = "<group>"; };
		81A2C33C2442FE81008307B6 /* ClientsManager.swift */ = {isa = PBXFileReference; lastKnownFileType = sourcecode.swift; path = ClientsManager.swift; sourceTree = "<group>"; };
		81A2C33E2443B3D3008307B6 /* QueueManager.swift */ = {isa = PBXFileReference; lastKnownFileType = sourcecode.swift; path = QueueManager.swift; sourceTree = "<group>"; };
		81A2C3402443D65E008307B6 /* RegisterQueueView.swift */ = {isa = PBXFileReference; lastKnownFileType = sourcecode.swift; path = RegisterQueueView.swift; sourceTree = "<group>"; };
		81A2C3442443E6ED008307B6 /* QueueViewCell.swift */ = {isa = PBXFileReference; lastKnownFileType = sourcecode.swift; path = QueueViewCell.swift; sourceTree = "<group>"; };
		81A2C34624440EB1008307B6 /* QueueView.swift */ = {isa = PBXFileReference; lastKnownFileType = sourcecode.swift; path = QueueView.swift; sourceTree = "<group>"; };
		81A2C34924443104008307B6 /* DirectQView.swift */ = {isa = PBXFileReference; lastKnownFileType = sourcecode.swift; path = DirectQView.swift; sourceTree = "<group>"; };
		81A2C34B2444498C008307B6 /* ScannerView.swift */ = {isa = PBXFileReference; lastKnownFileType = sourcecode.swift; path = ScannerView.swift; sourceTree = "<group>"; };
		81D83BF32441346A00816A7D /* ScannerFuncs.swift */ = {isa = PBXFileReference; lastKnownFileType = sourcecode.swift; path = ScannerFuncs.swift; sourceTree = "<group>"; };
		81D83BF9244167F000816A7D /* NewInfo.swift */ = {isa = PBXFileReference; lastKnownFileType = sourcecode.swift; path = NewInfo.swift; sourceTree = "<group>"; };
/* End PBXFileReference section */

/* Begin PBXFrameworksBuildPhase section */
		811759F42440B7E8007F349B /* Frameworks */ = {
			isa = PBXFrameworksBuildPhase;
			buildActionMask = 2147483647;
			files = (
				81D83BF8244144F100816A7D /* PartialSheet in Frameworks */,
				81175A1B2440D962007F349B /* CodeScanner in Frameworks */,
			);
			runOnlyForDeploymentPostprocessing = 0;
		};
/* End PBXFrameworksBuildPhase section */

/* Begin PBXGroup section */
		811759EE2440B7E8007F349B = {
			isa = PBXGroup;
			children = (
				81A2C3332442FC55008307B6 /* QueueEntity+CoreDataClass.swift */,
				81A2C3342442FC55008307B6 /* QueueEntity+CoreDataProperties.swift */,
				81A2C3352442FC55008307B6 /* ClientEntity+CoreDataClass.swift */,
				81A2C3362442FC55008307B6 /* ClientEntity+CoreDataProperties.swift */,
				81175A132440C33C007F349B /* QRModel.xcdatamodeld */,
				811759F92440B7E8007F349B /* QualityReaderQR */,
				811759F82440B7E8007F349B /* Products */,
			);
			sourceTree = "<group>";
		};
		811759F82440B7E8007F349B /* Products */ = {
			isa = PBXGroup;
			children = (
				811759F72440B7E8007F349B /* QualityReaderQR.app */,
			);
			name = Products;
			sourceTree = "<group>";
		};
		811759F92440B7E8007F349B /* QualityReaderQR */ = {
			isa = PBXGroup;
			children = (
				81175A022440B7E9007F349B /* Preview Content */,
				81175A082440B7E9007F349B /* Info.plist */,
				81175A002440B7E9007F349B /* Assets.xcassets */,
				81175A052440B7E9007F349B /* LaunchScreen.storyboard */,
				81A2C33B2442FE47008307B6 /* CoreDataFuncs */,
				81D83BF5244134F600816A7D /* System */,
				81175A162440D2D1007F349B /* Utils */,
				81A2C3302442F8F8008307B6 /* Model */,
				81175A0E2440BD43007F349B /* Views */,
				811759FE2440B7E8007F349B /* ContentView.swift */,
				81D83BF32441346A00816A7D /* ScannerFuncs.swift */,
			);
			path = QualityReaderQR;
			sourceTree = "<group>";
		};
		81175A022440B7E9007F349B /* Preview Content */ = {
			isa = PBXGroup;
			children = (
				81175A032440B7E9007F349B /* Preview Assets.xcassets */,
			);
			path = "Preview Content";
			sourceTree = "<group>";
		};
		81175A0E2440BD43007F349B /* Views */ = {
			isa = PBXGroup;
			children = (
				81A2C348244430AC008307B6 /* Main */,
				81A2C3422443E6CC008307B6 /* RegisterQueue */,
				81175A0F2440BD5B007F349B /* GenerateQR.swift */,
				81D83BF9244167F000816A7D /* NewInfo.swift */,
				81A2C34B2444498C008307B6 /* ScannerView.swift */,
			);
			path = Views;
			sourceTree = "<group>";
		};
		81175A162440D2D1007F349B /* Utils */ = {
			isa = PBXGroup;
			children = (
				81175A112440BFD2007F349B /* EnvironmentV.swift */,
				81175A172440D2E8007F349B /* Modifiers.swift */,
				81175A1C24411EA2007F349B /* Constant.swift */,
			);
			path = Utils;
			sourceTree = "<group>";
		};
		81A2C3302442F8F8008307B6 /* Model */ = {
			isa = PBXGroup;
			children = (
				81A2C3312442F92E008307B6 /* Model.swift */,
			);
			path = Model;
			sourceTree = "<group>";
		};
		81A2C33B2442FE47008307B6 /* CoreDataFuncs */ = {
			isa = PBXGroup;
			children = (
				81A2C33C2442FE81008307B6 /* ClientsManager.swift */,
				81A2C33E2443B3D3008307B6 /* QueueManager.swift */,
			);
			path = CoreDataFuncs;
			sourceTree = "<group>";
		};
		81A2C3422443E6CC008307B6 /* RegisterQueue */ = {
			isa = PBXGroup;
			children = (
				81A2C3402443D65E008307B6 /* RegisterQueueView.swift */,
				81A2C3442443E6ED008307B6 /* QueueViewCell.swift */,
				81A2C34624440EB1008307B6 /* QueueView.swift */,
			);
			path = RegisterQueue;
			sourceTree = "<group>";
		};
		81A2C348244430AC008307B6 /* Main */ = {
			isa = PBXGroup;
			children = (
				81A2C34924443104008307B6 /* DirectQView.swift */,
			);
			path = Main;
			sourceTree = "<group>";
		};
		81D83BF5244134F600816A7D /* System */ = {
			isa = PBXGroup;
			children = (
				811759FA2440B7E8007F349B /* AppDelegate.swift */,
				811759FC2440B7E8007F349B /* SceneDelegate.swift */,
			);
			path = System;
			sourceTree = "<group>";
		};
/* End PBXGroup section */

/* Begin PBXNativeTarget section */
		811759F62440B7E8007F349B /* QualityReaderQR */ = {
			isa = PBXNativeTarget;
			buildConfigurationList = 81175A0B2440B7E9007F349B /* Build configuration list for PBXNativeTarget "QualityReaderQR" */;
			buildPhases = (
				811759F32440B7E8007F349B /* Sources */,
				811759F42440B7E8007F349B /* Frameworks */,
				811759F52440B7E8007F349B /* Resources */,
			);
			buildRules = (
			);
			dependencies = (
			);
			name = QualityReaderQR;
			packageProductDependencies = (
				81175A1A2440D962007F349B /* CodeScanner */,
				81D83BF7244144F100816A7D /* PartialSheet */,
			);
			productName = QualityReaderQR;
			productReference = 811759F72440B7E8007F349B /* QualityReaderQR.app */;
			productType = "com.apple.product-type.application";
		};
/* End PBXNativeTarget section */

/* Begin PBXProject section */
		811759EF2440B7E8007F349B /* Project object */ = {
			isa = PBXProject;
			attributes = {
				LastSwiftUpdateCheck = 1130;
				LastUpgradeCheck = 1130;
				ORGANIZATIONNAME = "Wilder Lopez";
				TargetAttributes = {
					811759F62440B7E8007F349B = {
						CreatedOnToolsVersion = 11.3.1;
					};
				};
			};
			buildConfigurationList = 811759F22440B7E8007F349B /* Build configuration list for PBXProject "QualityReaderQR" */;
			compatibilityVersion = "Xcode 9.3";
			developmentRegion = en;
			hasScannedForEncodings = 0;
			knownRegions = (
				en,
				Base,
			);
			mainGroup = 811759EE2440B7E8007F349B;
			packageReferences = (
				81175A192440D962007F349B /* XCRemoteSwiftPackageReference "CodeScanner" */,
				81D83BF6244144F100816A7D /* XCRemoteSwiftPackageReference "PartialSheet" */,
			);
			productRefGroup = 811759F82440B7E8007F349B /* Products */;
			projectDirPath = "";
			projectRoot = "";
			targets = (
				811759F62440B7E8007F349B /* QualityReaderQR */,
			);
		};
/* End PBXProject section */

/* Begin PBXResourcesBuildPhase section */
		811759F52440B7E8007F349B /* Resources */ = {
			isa = PBXResourcesBuildPhase;
			buildActionMask = 2147483647;
			files = (
				81175A072440B7E9007F349B /* LaunchScreen.storyboard in Resources */,
				81175A042440B7E9007F349B /* Preview Assets.xcassets in Resources */,
				81175A012440B7E9007F349B /* Assets.xcassets in Resources */,
			);
			runOnlyForDeploymentPostprocessing = 0;
		};
/* End PBXResourcesBuildPhase section */

/* Begin PBXSourcesBuildPhase section */
		811759F32440B7E8007F349B /* Sources */ = {
			isa = PBXSourcesBuildPhase;
			buildActionMask = 2147483647;
			files = (
				81A2C3392442FC55008307B6 /* ClientEntity+CoreDataClass.swift in Sources */,
				81A2C3452443E6ED008307B6 /* QueueViewCell.swift in Sources */,
				81D83BFA244167F000816A7D /* NewInfo.swift in Sources */,
				81175A122440BFD2007F349B /* EnvironmentV.swift in Sources */,
				81A2C33F2443B3D3008307B6 /* QueueManager.swift in Sources */,
				811759FB2440B7E8007F349B /* AppDelegate.swift in Sources */,
				81175A182440D2E8007F349B /* Modifiers.swift in Sources */,
				81A2C34A24443104008307B6 /* DirectQView.swift in Sources */,
				81175A1D24411EA2007F349B /* Constant.swift in Sources */,
				81A2C34C2444498C008307B6 /* ScannerView.swift in Sources */,
				81175A102440BD5B007F349B /* GenerateQR.swift in Sources */,
				81A2C3382442FC55008307B6 /* QueueEntity+CoreDataProperties.swift in Sources */,
				811759FD2440B7E8007F349B /* SceneDelegate.swift in Sources */,
				81D83BF42441346A00816A7D /* ScannerFuncs.swift in Sources */,
				81A2C33A2442FC55008307B6 /* ClientEntity+CoreDataProperties.swift in Sources */,
				81A2C3372442FC55008307B6 /* QueueEntity+CoreDataClass.swift in Sources */,
				81A2C33D2442FE81008307B6 /* ClientsManager.swift in Sources */,
				81A2C3322442F92E008307B6 /* Model.swift in Sources */,
				81A2C3412443D65E008307B6 /* RegisterQueueView.swift in Sources */,
				81175A152440C33C007F349B /* QRModel.xcdatamodeld in Sources */,
				81A2C34724440EB1008307B6 /* QueueView.swift in Sources */,
				811759FF2440B7E8007F349B /* ContentView.swift in Sources */,
			);
			runOnlyForDeploymentPostprocessing = 0;
		};
/* End PBXSourcesBuildPhase section */

/* Begin PBXVariantGroup section */
		81175A052440B7E9007F349B /* LaunchScreen.storyboard */ = {
			isa = PBXVariantGroup;
			children = (
				81175A062440B7E9007F349B /* Base */,
			);
			name = LaunchScreen.storyboard;
			sourceTree = "<group>";
		};
/* End PBXVariantGroup section */

/* Begin XCBuildConfiguration section */
		81175A092440B7E9007F349B /* Debug */ = {
			isa = XCBuildConfiguration;
			buildSettings = {
				ALWAYS_SEARCH_USER_PATHS = NO;
				CLANG_ANALYZER_NONNULL = YES;
				CLANG_ANALYZER_NUMBER_OBJECT_CONVERSION = YES_AGGRESSIVE;
				CLANG_CXX_LANGUAGE_STANDARD = "gnu++14";
				CLANG_CXX_LIBRARY = "libc++";
				CLANG_ENABLE_MODULES = YES;
				CLANG_ENABLE_OBJC_ARC = YES;
				CLANG_ENABLE_OBJC_WEAK = YES;
				CLANG_WARN_BLOCK_CAPTURE_AUTORELEASING = YES;
				CLANG_WARN_BOOL_CONVERSION = YES;
				CLANG_WARN_COMMA = YES;
				CLANG_WARN_CONSTANT_CONVERSION = YES;
				CLANG_WARN_DEPRECATED_OBJC_IMPLEMENTATIONS = YES;
				CLANG_WARN_DIRECT_OBJC_ISA_USAGE = YES_ERROR;
				CLANG_WARN_DOCUMENTATION_COMMENTS = YES;
				CLANG_WARN_EMPTY_BODY = YES;
				CLANG_WARN_ENUM_CONVERSION = YES;
				CLANG_WARN_INFINITE_RECURSION = YES;
				CLANG_WARN_INT_CONVERSION = YES;
				CLANG_WARN_NON_LITERAL_NULL_CONVERSION = YES;
				CLANG_WARN_OBJC_IMPLICIT_RETAIN_SELF = YES;
				CLANG_WARN_OBJC_LITERAL_CONVERSION = YES;
				CLANG_WARN_OBJC_ROOT_CLASS = YES_ERROR;
				CLANG_WARN_RANGE_LOOP_ANALYSIS = YES;
				CLANG_WARN_STRICT_PROTOTYPES = YES;
				CLANG_WARN_SUSPICIOUS_MOVE = YES;
				CLANG_WARN_UNGUARDED_AVAILABILITY = YES_AGGRESSIVE;
				CLANG_WARN_UNREACHABLE_CODE = YES;
				CLANG_WARN__DUPLICATE_METHOD_MATCH = YES;
				COPY_PHASE_STRIP = NO;
				DEBUG_INFORMATION_FORMAT = dwarf;
				ENABLE_STRICT_OBJC_MSGSEND = YES;
				ENABLE_TESTABILITY = YES;
				GCC_C_LANGUAGE_STANDARD = gnu11;
				GCC_DYNAMIC_NO_PIC = NO;
				GCC_NO_COMMON_BLOCKS = YES;
				GCC_OPTIMIZATION_LEVEL = 0;
				GCC_PREPROCESSOR_DEFINITIONS = (
					"DEBUG=1",
					"$(inherited)",
				);
				GCC_WARN_64_TO_32_BIT_CONVERSION = YES;
				GCC_WARN_ABOUT_RETURN_TYPE = YES_ERROR;
				GCC_WARN_UNDECLARED_SELECTOR = YES;
				GCC_WARN_UNINITIALIZED_AUTOS = YES_AGGRESSIVE;
				GCC_WARN_UNUSED_FUNCTION = YES;
				GCC_WARN_UNUSED_VARIABLE = YES;
				IPHONEOS_DEPLOYMENT_TARGET = 13.2;
				MTL_ENABLE_DEBUG_INFO = INCLUDE_SOURCE;
				MTL_FAST_MATH = YES;
				ONLY_ACTIVE_ARCH = YES;
				SDKROOT = iphoneos;
				SWIFT_ACTIVE_COMPILATION_CONDITIONS = DEBUG;
				SWIFT_OPTIMIZATION_LEVEL = "-Onone";
			};
			name = Debug;
		};
		81175A0A2440B7E9007F349B /* Release */ = {
			isa = XCBuildConfiguration;
			buildSettings = {
				ALWAYS_SEARCH_USER_PATHS = NO;
				CLANG_ANALYZER_NONNULL = YES;
				CLANG_ANALYZER_NUMBER_OBJECT_CONVERSION = YES_AGGRESSIVE;
				CLANG_CXX_LANGUAGE_STANDARD = "gnu++14";
				CLANG_CXX_LIBRARY = "libc++";
				CLANG_ENABLE_MODULES = YES;
				CLANG_ENABLE_OBJC_ARC = YES;
				CLANG_ENABLE_OBJC_WEAK = YES;
				CLANG_WARN_BLOCK_CAPTURE_AUTORELEASING = YES;
				CLANG_WARN_BOOL_CONVERSION = YES;
				CLANG_WARN_COMMA = YES;
				CLANG_WARN_CONSTANT_CONVERSION = YES;
				CLANG_WARN_DEPRECATED_OBJC_IMPLEMENTATIONS = YES;
				CLANG_WARN_DIRECT_OBJC_ISA_USAGE = YES_ERROR;
				CLANG_WARN_DOCUMENTATION_COMMENTS = YES;
				CLANG_WARN_EMPTY_BODY = YES;
				CLANG_WARN_ENUM_CONVERSION = YES;
				CLANG_WARN_INFINITE_RECURSION = YES;
				CLANG_WARN_INT_CONVERSION = YES;
				CLANG_WARN_NON_LITERAL_NULL_CONVERSION = YES;
				CLANG_WARN_OBJC_IMPLICIT_RETAIN_SELF = YES;
				CLANG_WARN_OBJC_LITERAL_CONVERSION = YES;
				CLANG_WARN_OBJC_ROOT_CLASS = YES_ERROR;
				CLANG_WARN_RANGE_LOOP_ANALYSIS = YES;
				CLANG_WARN_STRICT_PROTOTYPES = YES;
				CLANG_WARN_SUSPICIOUS_MOVE = YES;
				CLANG_WARN_UNGUARDED_AVAILABILITY = YES_AGGRESSIVE;
				CLANG_WARN_UNREACHABLE_CODE = YES;
				CLANG_WARN__DUPLICATE_METHOD_MATCH = YES;
				COPY_PHASE_STRIP = NO;
				DEBUG_INFORMATION_FORMAT = "dwarf-with-dsym";
				ENABLE_NS_ASSERTIONS = NO;
				ENABLE_STRICT_OBJC_MSGSEND = YES;
				GCC_C_LANGUAGE_STANDARD = gnu11;
				GCC_NO_COMMON_BLOCKS = YES;
				GCC_WARN_64_TO_32_BIT_CONVERSION = YES;
				GCC_WARN_ABOUT_RETURN_TYPE = YES_ERROR;
				GCC_WARN_UNDECLARED_SELECTOR = YES;
				GCC_WARN_UNINITIALIZED_AUTOS = YES_AGGRESSIVE;
				GCC_WARN_UNUSED_FUNCTION = YES;
				GCC_WARN_UNUSED_VARIABLE = YES;
				IPHONEOS_DEPLOYMENT_TARGET = 13.2;
				MTL_ENABLE_DEBUG_INFO = NO;
				MTL_FAST_MATH = YES;
				SDKROOT = iphoneos;
				SWIFT_COMPILATION_MODE = wholemodule;
				SWIFT_OPTIMIZATION_LEVEL = "-O";
				VALIDATE_PRODUCT = YES;
			};
			name = Release;
		};
		81175A0C2440B7E9007F349B /* Debug */ = {
			isa = XCBuildConfiguration;
			buildSettings = {
				ASSETCATALOG_COMPILER_APPICON_NAME = AppIcon;
				CODE_SIGN_STYLE = Automatic;
				DEVELOPMENT_ASSET_PATHS = "\"QualityReaderQR/Preview Content\"";
				DEVELOPMENT_TEAM = X4R2V67R3F;
				ENABLE_PREVIEWS = YES;
				INFOPLIST_FILE = QualityReaderQR/Info.plist;
				LD_RUNPATH_SEARCH_PATHS = (
					"$(inherited)",
					"@executable_path/Frameworks",
				);
				PRODUCT_BUNDLE_IDENTIFIER = com.iGhost.QualityReaderQR;
				PRODUCT_NAME = "$(TARGET_NAME)";
				SWIFT_VERSION = 5.0;
				TARGETED_DEVICE_FAMILY = "1,2";
			};
			name = Debug;
		};
		81175A0D2440B7E9007F349B /* Release */ = {
			isa = XCBuildConfiguration;
			buildSettings = {
				ASSETCATALOG_COMPILER_APPICON_NAME = AppIcon;
				CODE_SIGN_STYLE = Automatic;
				DEVELOPMENT_ASSET_PATHS = "\"QualityReaderQR/Preview Content\"";
				DEVELOPMENT_TEAM = X4R2V67R3F;
				ENABLE_PREVIEWS = YES;
				INFOPLIST_FILE = QualityReaderQR/Info.plist;
				LD_RUNPATH_SEARCH_PATHS = (
					"$(inherited)",
					"@executable_path/Frameworks",
				);
				PRODUCT_BUNDLE_IDENTIFIER = com.iGhost.QualityReaderQR;
				PRODUCT_NAME = "$(TARGET_NAME)";
				SWIFT_VERSION = 5.0;
				TARGETED_DEVICE_FAMILY = "1,2";
			};
			name = Release;
		};
/* End XCBuildConfiguration section */

/* Begin XCConfigurationList section */
		811759F22440B7E8007F349B /* Build configuration list for PBXProject "QualityReaderQR" */ = {
			isa = XCConfigurationList;
			buildConfigurations = (
				81175A092440B7E9007F349B /* Debug */,
				81175A0A2440B7E9007F349B /* Release */,
			);
			defaultConfigurationIsVisible = 0;
			defaultConfigurationName = Release;
		};
		81175A0B2440B7E9007F349B /* Build configuration list for PBXNativeTarget "QualityReaderQR" */ = {
			isa = XCConfigurationList;
			buildConfigurations = (
				81175A0C2440B7E9007F349B /* Debug */,
				81175A0D2440B7E9007F349B /* Release */,
			);
			defaultConfigurationIsVisible = 0;
			defaultConfigurationName = Release;
		};
/* End XCConfigurationList section */

/* Begin XCRemoteSwiftPackageReference section */
		81175A192440D962007F349B /* XCRemoteSwiftPackageReference "CodeScanner" */ = {
			isa = XCRemoteSwiftPackageReference;
			repositoryURL = "https://github.com/twostraws/CodeScanner";
			requirement = {
				kind = upToNextMajorVersion;
				minimumVersion = 1.0.3;
			};
		};
		81D83BF6244144F100816A7D /* XCRemoteSwiftPackageReference "PartialSheet" */ = {
			isa = XCRemoteSwiftPackageReference;
			repositoryURL = "https://github.com/AndreaMiotto/PartialSheet.git";
			requirement = {
				kind = upToNextMajorVersion;
				minimumVersion = 0.1.0;
			};
		};
/* End XCRemoteSwiftPackageReference section */

/* Begin XCSwiftPackageProductDependency section */
		81175A1A2440D962007F349B /* CodeScanner */ = {
			isa = XCSwiftPackageProductDependency;
			package = 81175A192440D962007F349B /* XCRemoteSwiftPackageReference "CodeScanner" */;
			productName = CodeScanner;
		};
		81D83BF7244144F100816A7D /* PartialSheet */ = {
			isa = XCSwiftPackageProductDependency;
			package = 81D83BF6244144F100816A7D /* XCRemoteSwiftPackageReference "PartialSheet" */;
			productName = PartialSheet;
		};
/* End XCSwiftPackageProductDependency section */

/* Begin XCVersionGroup section */
		81175A132440C33C007F349B /* QRModel.xcdatamodeld */ = {
			isa = XCVersionGroup;
			children = (
				81175A142440C33C007F349B /* QRModel.xcdatamodel */,
			);
			currentVersion = 81175A142440C33C007F349B /* QRModel.xcdatamodel */;
			path = QRModel.xcdatamodeld;
			sourceTree = "<group>";
			versionGroupType = wrapper.xcdatamodel;
		};
/* End XCVersionGroup section */
	};
	rootObject = 811759EF2440B7E8007F349B /* Project object */;
}
